
Microsoft Visual Studio Solution File, Format Version 12.00
# Visual Studio 15
VisualStudioVersion = 15.0.28307.136
MinimumVisualStudioVersion = 10.0.40219.1
Project("{FAE04EC0-301F-11D3-BF4B-00C04F79EFBC}") = "Pexeso.Library", "Pexeso.Library\Pexeso.Library.csproj", "{EDAA5074-7F60-447F-8B34-78B892F37E45}"
EndProject
Project("{FAE04EC0-301F-11D3-BF4B-00C04F79EFBC}") = "Pexeso.Server", "Pexeso.Server\Pexeso.Server.csproj", "{A961CA38-6D8F-46DE-9108-77583E1D7D86}"
EndProject
Project("{FAE04EC0-301F-11D3-BF4B-00C04F79EFBC}") = "Pexeso.Wpf", "Pexeso.Wpf\Pexeso.Wpf.csproj", "{31B2C538-93E1-443C-ABFA-CCAB8A8A0CBE}"
EndProject
Global
	GlobalSection(SolutionConfigurationPlatforms) = preSolution
		Debug|Any CPU = Debug|Any CPU
		Release|Any CPU = Release|Any CPU
	EndGlobalSection
	GlobalSection(ProjectConfigurationPlatforms) = postSolution
		{EDAA5074-7F60-447F-8B34-78B892F37E45}.Debug|Any CPU.ActiveCfg = Debug|Any CPU
		{EDAA5074-7F60-447F-8B34-78B892F37E45}.Debug|Any CPU.Build.0 = Debug|Any CPU
		{EDAA5074-7F60-447F-8B34-78B892F37E45}.Release|Any CPU.ActiveCfg = Release|Any CPU
		{EDAA5074-7F60-447F-8B34-78B892F37E45}.Release|Any CPU.Build.0 = Release|Any CPU
		{A961CA38-6D8F-46DE-9108-77583E1D7D86}.Debug|Any CPU.ActiveCfg = Debug|Any CPU
		{A961CA38-6D8F-46DE-9108-77583E1D7D86}.Debug|Any CPU.Build.0 = Debug|Any CPU
		{A961CA38-6D8F-46DE-9108-77583E1D7D86}.Release|Any CPU.ActiveCfg = Release|Any CPU
		{A961CA38-6D8F-46DE-9108-77583E1D7D86}.Release|Any CPU.Build.0 = Release|Any CPU
		{31B2C538-93E1-443C-ABFA-CCAB8A8A0CBE}.Debug|Any CPU.ActiveCfg = Debug|Any CPU
		{31B2C538-93E1-443C-ABFA-CCAB8A8A0CBE}.Debug|Any CPU.Build.0 = Debug|Any CPU
		{31B2C538-93E1-443C-ABFA-CCAB8A8A0CBE}.Release|Any CPU.ActiveCfg = Release|Any CPU
		{31B2C538-93E1-443C-ABFA-CCAB8A8A0CBE}.Release|Any CPU.Build.0 = Release|Any CPU
	EndGlobalSection
	GlobalSection(SolutionProperties) = preSolution
		HideSolutionNode = FALSE
	EndGlobalSection
	GlobalSection(ExtensibilityGlobals) = postSolution
		SolutionGuid = {36C6321D-8EF8-4BB8-B182-3119D61838A9}
	EndGlobalSection
EndGlobal
